{
  "nodes": {
    "home-manager": {
      "inputs": {
        "nixpkgs": [
          "nixpkgs"
        ]
      },
      "locked": {
        "lastModified": 1714865296,
        "narHash": "sha256-02r2Qzh4fGYBPB/3Lj8vwPMtE6H/UchZnN7A/dQMHIA=",
        "owner": "nix-community",
        "repo": "home-manager",
        "rev": "e0825ea2112d09d9f0680833cd716f6aee3b973f",
        "type": "github"
      },
      "original": {
        "owner": "nix-community",
        "repo": "home-manager",
        "type": "github"
      }
    },
    "nixpkgs": {
      "locked": {
        "lastModified": 1714763106,
        "narHash": "sha256-DrDHo74uTycfpAF+/qxZAMlP/Cpe04BVioJb6fdI0YY=",
        "owner": "nixos",
        "repo": "nixpkgs",
        "rev": "e9be42459999a253a9f92559b1f5b72e1b44c13d",
        "type": "github"
      },
      "original": {
        "owner": "nixos",
        "ref": "nixos-unstable",
        "repo": "nixpkgs",
        "type": "github"
      }
    },
    "root": {
      "inputs": {
        "home-manager": "home-manager",
        "nixpkgs": "nixpkgs"
      }
    }
  },
  "root": "root",
  "version": 7
}
